
Microsoft Visual Studio Solution File, Format Version 12.00
# Visual Studio Version 16
VisualStudioVersion = 16.0.31424.327
MinimumVisualStudioVersion = 10.0.40219.1
Project("{FAE04EC0-301F-11D3-BF4B-00C04F79EFBC}") = "CardGames", "CardGames\CardGames.csproj", "{B6FF386C-B58E-4534-B7B5-D8EA14D54B21}"
EndProject
Global
	GlobalSection(SolutionConfigurationPlatforms) = preSolution
		Debug|Any CPU = Debug|Any CPU
		Release|Any CPU = Release|Any CPU
	EndGlobalSection
	GlobalSection(ProjectConfigurationPlatforms) = postSolution
		{B6FF386C-B58E-4534-B7B5-D8EA14D54B21}.Debug|Any CPU.ActiveCfg = Debug|Any CPU
		{B6FF386C-B58E-4534-B7B5-D8EA14D54B21}.Debug|Any CPU.Build.0 = Debug|Any CPU
		{B6FF386C-B58E-4534-B7B5-D8EA14D54B21}.Release|Any CPU.ActiveCfg = Release|Any CPU
		{B6FF386C-B58E-4534-B7B5-D8EA14D54B21}.Release|Any CPU.Build.0 = Release|Any CPU
	EndGlobalSection
	GlobalSection(SolutionProperties) = preSolution
		HideSolutionNode = FALSE
	EndGlobalSection
	GlobalSection(ExtensibilityGlobals) = postSolution
		SolutionGuid = {2B9ACBD8-1446-4079-9938-5C071ECA6951}
	EndGlobalSection
EndGlobal
